
Microsoft Visual Studio Solution File, Format Version 12.00
# Visual Studio Version 16
VisualStudioVersion = 16.0.30406.217
MinimumVisualStudioVersion = 10.0.40219.1
Project("{2150E333-8FDC-42A3-9474-1A3956D46DE8}") = "BackEnd", "BackEnd", "{F5034864-0E83-4014-90A4-04B0D8A0E50F}"
EndProject
Project("{2150E333-8FDC-42A3-9474-1A3956D46DE8}") = "FrontEnd", "FrontEnd", "{EFC387BC-119F-4AA8-BBC3-BB12964932B9}"
EndProject
Project("{2150E333-8FDC-42A3-9474-1A3956D46DE8}") = "Bussines", "Bussines", "{9C9DDE25-F833-4002-B3EE-F9157777138C}"
EndProject
Project("{2150E333-8FDC-42A3-9474-1A3956D46DE8}") = "Data", "Data", "{700B2769-9D32-4BC2-B5F9-2A10442CDA58}"
EndProject
Project("{2150E333-8FDC-42A3-9474-1A3956D46DE8}") = "Entities", "Entities", "{7D3E6C2F-0CF1-4CDA-B61D-052063CBFC9B}"
EndProject
Project("{FAE04EC0-301F-11D3-BF4B-00C04F79EFBC}") = "Tempsense.Bussines", "Tempsense.Bussines\Tempsense.Bussines.csproj", "{AD3490C4-9E7B-429B-AF6F-389C78E3B4E1}"
EndProject
Project("{FAE04EC0-301F-11D3-BF4B-00C04F79EFBC}") = "Tempsense.Data", "Tempsense.Data\Tempsense.Data.csproj", "{81614D25-638B-4CBA-8052-9718D4F5B347}"
EndProject
Project("{FAE04EC0-301F-11D3-BF4B-00C04F79EFBC}") = "Tempsense.Entities", "Tempsense.Entities\Tempsense.Entities.csproj", "{771EE123-20E6-442A-BA2C-1B8123C5F0F2}"
EndProject
Project("{FAE04EC0-301F-11D3-BF4B-00C04F79EFBC}") = "Tempsense.web", "Tempsense.web\Tempsense.web.csproj", "{F5CA4152-5430-4193-97C2-89A20C5DBCC3}"
EndProject
Project("{FAE04EC0-301F-11D3-BF4B-00C04F79EFBC}") = "Tempsense.Entities.Dtos", "Tempsense.Entities.Dtos\Tempsense.Entities.Dtos.csproj", "{9D12F967-499C-4638-8488-322384DFB4FB}"
EndProject
Global
	GlobalSection(SolutionConfigurationPlatforms) = preSolution
		Debug|Any CPU = Debug|Any CPU
		Release|Any CPU = Release|Any CPU
	EndGlobalSection
	GlobalSection(ProjectConfigurationPlatforms) = postSolution
		{AD3490C4-9E7B-429B-AF6F-389C78E3B4E1}.Debug|Any CPU.ActiveCfg = Debug|Any CPU
		{AD3490C4-9E7B-429B-AF6F-389C78E3B4E1}.Debug|Any CPU.Build.0 = Debug|Any CPU
		{AD3490C4-9E7B-429B-AF6F-389C78E3B4E1}.Release|Any CPU.ActiveCfg = Release|Any CPU
		{AD3490C4-9E7B-429B-AF6F-389C78E3B4E1}.Release|Any CPU.Build.0 = Release|Any CPU
		{81614D25-638B-4CBA-8052-9718D4F5B347}.Debug|Any CPU.ActiveCfg = Debug|Any CPU
		{81614D25-638B-4CBA-8052-9718D4F5B347}.Debug|Any CPU.Build.0 = Debug|Any CPU
		{81614D25-638B-4CBA-8052-9718D4F5B347}.Release|Any CPU.ActiveCfg = Release|Any CPU
		{81614D25-638B-4CBA-8052-9718D4F5B347}.Release|Any CPU.Build.0 = Release|Any CPU
		{771EE123-20E6-442A-BA2C-1B8123C5F0F2}.Debug|Any CPU.ActiveCfg = Debug|Any CPU
		{771EE123-20E6-442A-BA2C-1B8123C5F0F2}.Debug|Any CPU.Build.0 = Debug|Any CPU
		{771EE123-20E6-442A-BA2C-1B8123C5F0F2}.Release|Any CPU.ActiveCfg = Release|Any CPU
		{771EE123-20E6-442A-BA2C-1B8123C5F0F2}.Release|Any CPU.Build.0 = Release|Any CPU
		{F5CA4152-5430-4193-97C2-89A20C5DBCC3}.Debug|Any CPU.ActiveCfg = Debug|Any CPU
		{F5CA4152-5430-4193-97C2-89A20C5DBCC3}.Debug|Any CPU.Build.0 = Debug|Any CPU
		{F5CA4152-5430-4193-97C2-89A20C5DBCC3}.Release|Any CPU.ActiveCfg = Release|Any CPU
		{F5CA4152-5430-4193-97C2-89A20C5DBCC3}.Release|Any CPU.Build.0 = Release|Any CPU
		{9D12F967-499C-4638-8488-322384DFB4FB}.Debug|Any CPU.ActiveCfg = Debug|Any CPU
		{9D12F967-499C-4638-8488-322384DFB4FB}.Debug|Any CPU.Build.0 = Debug|Any CPU
		{9D12F967-499C-4638-8488-322384DFB4FB}.Release|Any CPU.ActiveCfg = Release|Any CPU
		{9D12F967-499C-4638-8488-322384DFB4FB}.Release|Any CPU.Build.0 = Release|Any CPU
	EndGlobalSection
	GlobalSection(SolutionProperties) = preSolution
		HideSolutionNode = FALSE
	EndGlobalSection
	GlobalSection(NestedProjects) = preSolution
		{9C9DDE25-F833-4002-B3EE-F9157777138C} = {F5034864-0E83-4014-90A4-04B0D8A0E50F}
		{700B2769-9D32-4BC2-B5F9-2A10442CDA58} = {F5034864-0E83-4014-90A4-04B0D8A0E50F}
		{7D3E6C2F-0CF1-4CDA-B61D-052063CBFC9B} = {F5034864-0E83-4014-90A4-04B0D8A0E50F}
		{AD3490C4-9E7B-429B-AF6F-389C78E3B4E1} = {9C9DDE25-F833-4002-B3EE-F9157777138C}
		{81614D25-638B-4CBA-8052-9718D4F5B347} = {700B2769-9D32-4BC2-B5F9-2A10442CDA58}
		{771EE123-20E6-442A-BA2C-1B8123C5F0F2} = {7D3E6C2F-0CF1-4CDA-B61D-052063CBFC9B}
		{F5CA4152-5430-4193-97C2-89A20C5DBCC3} = {EFC387BC-119F-4AA8-BBC3-BB12964932B9}
		{9D12F967-499C-4638-8488-322384DFB4FB} = {7D3E6C2F-0CF1-4CDA-B61D-052063CBFC9B}
	EndGlobalSection
	GlobalSection(ExtensibilityGlobals) = postSolution
		SolutionGuid = {F23805AA-90F9-4B44-9823-DC93EE6D26B9}
	EndGlobalSection
EndGlobal
